
Microsoft Visual Studio Solution File, Format Version 12.00
# Visual Studio Version 16
VisualStudioVersion = 16.0.32802.440
MinimumVisualStudioVersion = 10.0.40219.1
Project("{888888A0-9F3D-457C-B088-3A5042F75D52}") = "sus", "sus\sus.pyproj", "{948BA2E8-24C7-4245-A9E3-EE3670633A6C}"
EndProject
Global
	GlobalSection(SolutionConfigurationPlatforms) = preSolution
		Debug|Any CPU = Debug|Any CPU
		Release|Any CPU = Release|Any CPU
	EndGlobalSection
	GlobalSection(ProjectConfigurationPlatforms) = postSolution
		{948BA2E8-24C7-4245-A9E3-EE3670633A6C}.Debug|Any CPU.ActiveCfg = Debug|Any CPU
		{948BA2E8-24C7-4245-A9E3-EE3670633A6C}.Release|Any CPU.ActiveCfg = Release|Any CPU
	EndGlobalSection
	GlobalSection(SolutionProperties) = preSolution
		HideSolutionNode = FALSE
	EndGlobalSection
	GlobalSection(ExtensibilityGlobals) = postSolution
		SolutionGuid = {C93A4A7E-A3A2-478E-BDE2-722DE6800A85}
	EndGlobalSection
EndGlobal
